
Microsoft Visual Studio Solution File, Format Version 12.00
# Visual Studio Version 17
VisualStudioVersion = 17.8.34330.188
MinimumVisualStudioVersion = 10.0.40219.1
Project("{9A19103F-16F7-4668-BE54-9A1E7A4F7556}") = "ZooplaMatch", "Houseful.ZooplaMatch\ZooplaMatch.csproj", "{325EC83A-8B89-4A87-AF1E-CBDD57EFAF14}"
EndProject
Project("{9A19103F-16F7-4668-BE54-9A1E7A4F7556}") = "ZooplaMatch.Domain", "ZooplaMatch.Domain\ZooplaMatch.Domain.csproj", "{CFACADBA-A265-400E-AD8F-E9C6F4B2319A}"
EndProject
Project("{9A19103F-16F7-4668-BE54-9A1E7A4F7556}") = "ZooplaMatch.Application", "ZooplaMatch.Application\ZooplaMatch.Application.csproj", "{452BF758-B243-4618-BFBC-B3D02FBC7295}"
EndProject
Project("{2150E333-8FDC-42A3-9474-1A3956D46DE8}") = "tests", "tests", "{6095C75A-AD2F-4C58-8E7C-94391D2E8036}"
EndProject
Project("{FAE04EC0-301F-11D3-BF4B-00C04F79EFBC}") = "ZooplaMatch.Application.UnitTests", "tests\ZooplaMatch.Application.UnitTests\ZooplaMatch.Application.UnitTests.csproj", "{77771E56-1CC1-488F-9006-1E9E01BF678A}"
EndProject
Global
	GlobalSection(SolutionConfigurationPlatforms) = preSolution
		Debug|Any CPU = Debug|Any CPU
		Release|Any CPU = Release|Any CPU
	EndGlobalSection
	GlobalSection(ProjectConfigurationPlatforms) = postSolution
		{325EC83A-8B89-4A87-AF1E-CBDD57EFAF14}.Debug|Any CPU.ActiveCfg = Debug|Any CPU
		{325EC83A-8B89-4A87-AF1E-CBDD57EFAF14}.Debug|Any CPU.Build.0 = Debug|Any CPU
		{325EC83A-8B89-4A87-AF1E-CBDD57EFAF14}.Release|Any CPU.ActiveCfg = Release|Any CPU
		{325EC83A-8B89-4A87-AF1E-CBDD57EFAF14}.Release|Any CPU.Build.0 = Release|Any CPU
		{CFACADBA-A265-400E-AD8F-E9C6F4B2319A}.Debug|Any CPU.ActiveCfg = Debug|Any CPU
		{CFACADBA-A265-400E-AD8F-E9C6F4B2319A}.Debug|Any CPU.Build.0 = Debug|Any CPU
		{CFACADBA-A265-400E-AD8F-E9C6F4B2319A}.Release|Any CPU.ActiveCfg = Release|Any CPU
		{CFACADBA-A265-400E-AD8F-E9C6F4B2319A}.Release|Any CPU.Build.0 = Release|Any CPU
		{452BF758-B243-4618-BFBC-B3D02FBC7295}.Debug|Any CPU.ActiveCfg = Debug|Any CPU
		{452BF758-B243-4618-BFBC-B3D02FBC7295}.Debug|Any CPU.Build.0 = Debug|Any CPU
		{452BF758-B243-4618-BFBC-B3D02FBC7295}.Release|Any CPU.ActiveCfg = Release|Any CPU
		{452BF758-B243-4618-BFBC-B3D02FBC7295}.Release|Any CPU.Build.0 = Release|Any CPU
		{77771E56-1CC1-488F-9006-1E9E01BF678A}.Debug|Any CPU.ActiveCfg = Debug|Any CPU
		{77771E56-1CC1-488F-9006-1E9E01BF678A}.Debug|Any CPU.Build.0 = Debug|Any CPU
		{77771E56-1CC1-488F-9006-1E9E01BF678A}.Release|Any CPU.ActiveCfg = Release|Any CPU
		{77771E56-1CC1-488F-9006-1E9E01BF678A}.Release|Any CPU.Build.0 = Release|Any CPU
	EndGlobalSection
	GlobalSection(SolutionProperties) = preSolution
		HideSolutionNode = FALSE
	EndGlobalSection
	GlobalSection(NestedProjects) = preSolution
		{77771E56-1CC1-488F-9006-1E9E01BF678A} = {6095C75A-AD2F-4C58-8E7C-94391D2E8036}
	EndGlobalSection
	GlobalSection(ExtensibilityGlobals) = postSolution
		SolutionGuid = {B4710E4F-A339-489E-94A9-411610F1BE16}
	EndGlobalSection
EndGlobal
